
Microsoft Visual Studio Solution File, Format Version 12.00
# Visual Studio Version 17
VisualStudioVersion = 17.7.34031.279
MinimumVisualStudioVersion = 10.0.40219.1
Project("{FAE04EC0-301F-11D3-BF4B-00C04F79EFBC}") = "Advance C#", "Advance C#.csproj", "{88DF7BB5-F11A-4499-A7E4-802EA9E12295}"
EndProject
Global
	GlobalSection(SolutionConfigurationPlatforms) = preSolution
		Debug|Any CPU = Debug|Any CPU
		Release|Any CPU = Release|Any CPU
	EndGlobalSection
	GlobalSection(ProjectConfigurationPlatforms) = postSolution
		{88DF7BB5-F11A-4499-A7E4-802EA9E12295}.Debug|Any CPU.ActiveCfg = Debug|Any CPU
		{88DF7BB5-F11A-4499-A7E4-802EA9E12295}.Debug|Any CPU.Build.0 = Debug|Any CPU
		{88DF7BB5-F11A-4499-A7E4-802EA9E12295}.Release|Any CPU.ActiveCfg = Release|Any CPU
		{88DF7BB5-F11A-4499-A7E4-802EA9E12295}.Release|Any CPU.Build.0 = Release|Any CPU
	EndGlobalSection
	GlobalSection(SolutionProperties) = preSolution
		HideSolutionNode = FALSE
	EndGlobalSection
	GlobalSection(ExtensibilityGlobals) = postSolution
		SolutionGuid = {483AF0E9-8C9F-45E1-AF8D-9A5AA44FF692}
	EndGlobalSection
EndGlobal
